
Microsoft Visual Studio Solution File, Format Version 12.00
# Visual Studio 14
VisualStudioVersion = 14.0.24720.0
MinimumVisualStudioVersion = 10.0.40219.1
Project("{E24C65DC-7377-472B-9ABA-BC803B73C61A}") = "Frontend", "Frontend\", "{A611BFDB-DBCB-4506-834D-B310142712AA}"
	ProjectSection(WebsiteProperties) = preProject
		TargetFrameworkMoniker = ".NETFramework,Version%3Dv4.6"
		Debug.AspNetCompiler.VirtualPath = "/localhost_52311"
		Debug.AspNetCompiler.PhysicalPath = "Frontend\"
		Debug.AspNetCompiler.TargetPath = "PrecompiledWeb\localhost_52311\"
		Debug.AspNetCompiler.Updateable = "true"
		Debug.AspNetCompiler.ForceOverwrite = "true"
		Debug.AspNetCompiler.FixedNames = "false"
		Debug.AspNetCompiler.Debug = "True"
		Release.AspNetCompiler.VirtualPath = "/localhost_52311"
		Release.AspNetCompiler.PhysicalPath = "Frontend\"
		Release.AspNetCompiler.TargetPath = "PrecompiledWeb\localhost_52311\"
		Release.AspNetCompiler.Updateable = "true"
		Release.AspNetCompiler.ForceOverwrite = "true"
		Release.AspNetCompiler.FixedNames = "false"
		Release.AspNetCompiler.Debug = "False"
		VWDPort = "52311"
		SlnRelativePath = "Frontend\"
	EndProjectSection
EndProject
Project("{A0786B88-2ADB-4C21-ABE8-AA2D79766269}") = "Backend", "Backend\Backend.phpproj", "{65E5AB51-DE1E-4DE8-AF0E-7B745D2BE5EC}"
EndProject
Global
	GlobalSection(SolutionConfigurationPlatforms) = preSolution
		Debug|Any CPU = Debug|Any CPU
		Release|Any CPU = Release|Any CPU
	EndGlobalSection
	GlobalSection(ProjectConfigurationPlatforms) = postSolution
		{A611BFDB-DBCB-4506-834D-B310142712AA}.Debug|Any CPU.ActiveCfg = Debug|Any CPU
		{A611BFDB-DBCB-4506-834D-B310142712AA}.Debug|Any CPU.Build.0 = Debug|Any CPU
		{A611BFDB-DBCB-4506-834D-B310142712AA}.Release|Any CPU.ActiveCfg = Debug|Any CPU
		{A611BFDB-DBCB-4506-834D-B310142712AA}.Release|Any CPU.Build.0 = Debug|Any CPU
		{65E5AB51-DE1E-4DE8-AF0E-7B745D2BE5EC}.Debug|Any CPU.ActiveCfg = Debug|Any CPU
		{65E5AB51-DE1E-4DE8-AF0E-7B745D2BE5EC}.Release|Any CPU.ActiveCfg = Release|Any CPU
	EndGlobalSection
	GlobalSection(SolutionProperties) = preSolution
		HideSolutionNode = FALSE
	EndGlobalSection
EndGlobal
